
Microsoft Visual Studio Solution File, Format Version 12.00
# Visual Studio Version 17
VisualStudioVersion = 17.14.36518.9
MinimumVisualStudioVersion = 10.0.40219.1
Project("{2150E333-8FDC-42A3-9474-1A3956D46DE8}") = "src", "src", "{02EA681E-C7D8-13C7-8484-4AC65E1B71E8}"
EndProject
Project("{2150E333-8FDC-42A3-9474-1A3956D46DE8}") = "Gateway", "Gateway", "{0F2282A1-023F-4031-BD07-EDCFA8F3E3DD}"
EndProject
Project("{FAE04EC0-301F-11D3-BF4B-00C04F79EFBC}") = "GateIQ.Gateway", "GateIQ.Gateway\GateIQ.Gateway.csproj", "{BC1E499D-BC68-4F49-A885-976CCF293A27}"
EndProject
Project("{2150E333-8FDC-42A3-9474-1A3956D46DE8}") = "AuthService", "AuthService", "{9ABFCB99-C816-42C7-AB3A-B85BDE0CD31E}"
EndProject
Project("{FAE04EC0-301F-11D3-BF4B-00C04F79EFBC}") = "GateIQ.AuthService.Infrastructure", "GateIQ.AuthService.Infrastructure\GateIQ.AuthService.Infrastructure.csproj", "{6A7AD7BA-ABBA-4C33-913B-0A3CDEB71995}"
EndProject
Project("{FAE04EC0-301F-11D3-BF4B-00C04F79EFBC}") = "GateIQ.AuthService.Application", "GateIQ.AuthService.Application\GateIQ.AuthService.Application.csproj", "{430ADF0F-80D1-4E1F-9DC7-3AE29E91D1E9}"
EndProject
Project("{FAE04EC0-301F-11D3-BF4B-00C04F79EFBC}") = "GateIQ.AuthService.Domain", "GateIQ.AuthService.Domain\GateIQ.AuthService.Domain.csproj", "{41BE2547-D41B-4A97-9D76-37A392D0C796}"
EndProject
Project("{2150E333-8FDC-42A3-9474-1A3956D46DE8}") = "Contracts", "Contracts", "{24ADDF25-8EF7-4EF1-81CF-56D2BBE94B9A}"
EndProject
Project("{FAE04EC0-301F-11D3-BF4B-00C04F79EFBC}") = "GateIQ.Contracts", "GateIQ.Contracts\GateIQ.Contracts.csproj", "{BDEC9075-8880-45BE-A0B9-D0208F95B18D}"
EndProject
Project("{2150E333-8FDC-42A3-9474-1A3956D46DE8}") = "Security", "Security", "{EC92825F-2D82-40DA-BC66-BF567A163ECE}"
EndProject
Project("{FAE04EC0-301F-11D3-BF4B-00C04F79EFBC}") = "GateIQ.Security", "GateIQ.Security\GateIQ.Security.csproj", "{4CDF9A57-01B2-482F-96E6-9322B3A87AE0}"
EndProject
Project("{2150E333-8FDC-42A3-9474-1A3956D46DE8}") = "docker", "docker", "{6C491DA3-26BA-4482-9F6F-F38D3381E238}"
	ProjectSection(SolutionItems) = preProject
		docker-compose.yml = docker-compose.yml
	EndProjectSection
EndProject
Project("{FAE04EC0-301F-11D3-BF4B-00C04F79EFBC}") = "GateIQ.AuthService.WebApi", "GateIQ.AuthService.WebApi\GateIQ.AuthService.WebApi.csproj", "{0DD7AE08-FB16-432E-A2CC-A6565F7C7348}"
EndProject
Global
	GlobalSection(SolutionConfigurationPlatforms) = preSolution
		Debug|Any CPU = Debug|Any CPU
		Release|Any CPU = Release|Any CPU
	EndGlobalSection
	GlobalSection(ProjectConfigurationPlatforms) = postSolution
		{BC1E499D-BC68-4F49-A885-976CCF293A27}.Debug|Any CPU.ActiveCfg = Debug|Any CPU
		{BC1E499D-BC68-4F49-A885-976CCF293A27}.Debug|Any CPU.Build.0 = Debug|Any CPU
		{BC1E499D-BC68-4F49-A885-976CCF293A27}.Release|Any CPU.ActiveCfg = Release|Any CPU
		{BC1E499D-BC68-4F49-A885-976CCF293A27}.Release|Any CPU.Build.0 = Release|Any CPU
		{6A7AD7BA-ABBA-4C33-913B-0A3CDEB71995}.Debug|Any CPU.ActiveCfg = Debug|Any CPU
		{6A7AD7BA-ABBA-4C33-913B-0A3CDEB71995}.Debug|Any CPU.Build.0 = Debug|Any CPU
		{6A7AD7BA-ABBA-4C33-913B-0A3CDEB71995}.Release|Any CPU.ActiveCfg = Release|Any CPU
		{6A7AD7BA-ABBA-4C33-913B-0A3CDEB71995}.Release|Any CPU.Build.0 = Release|Any CPU
		{430ADF0F-80D1-4E1F-9DC7-3AE29E91D1E9}.Debug|Any CPU.ActiveCfg = Debug|Any CPU
		{430ADF0F-80D1-4E1F-9DC7-3AE29E91D1E9}.Debug|Any CPU.Build.0 = Debug|Any CPU
		{430ADF0F-80D1-4E1F-9DC7-3AE29E91D1E9}.Release|Any CPU.ActiveCfg = Release|Any CPU
		{430ADF0F-80D1-4E1F-9DC7-3AE29E91D1E9}.Release|Any CPU.Build.0 = Release|Any CPU
		{41BE2547-D41B-4A97-9D76-37A392D0C796}.Debug|Any CPU.ActiveCfg = Debug|Any CPU
		{41BE2547-D41B-4A97-9D76-37A392D0C796}.Debug|Any CPU.Build.0 = Debug|Any CPU
		{41BE2547-D41B-4A97-9D76-37A392D0C796}.Release|Any CPU.ActiveCfg = Release|Any CPU
		{41BE2547-D41B-4A97-9D76-37A392D0C796}.Release|Any CPU.Build.0 = Release|Any CPU
		{BDEC9075-8880-45BE-A0B9-D0208F95B18D}.Debug|Any CPU.ActiveCfg = Debug|Any CPU
		{BDEC9075-8880-45BE-A0B9-D0208F95B18D}.Debug|Any CPU.Build.0 = Debug|Any CPU
		{BDEC9075-8880-45BE-A0B9-D0208F95B18D}.Release|Any CPU.ActiveCfg = Release|Any CPU
		{BDEC9075-8880-45BE-A0B9-D0208F95B18D}.Release|Any CPU.Build.0 = Release|Any CPU
		{4CDF9A57-01B2-482F-96E6-9322B3A87AE0}.Debug|Any CPU.ActiveCfg = Debug|Any CPU
		{4CDF9A57-01B2-482F-96E6-9322B3A87AE0}.Debug|Any CPU.Build.0 = Debug|Any CPU
		{4CDF9A57-01B2-482F-96E6-9322B3A87AE0}.Release|Any CPU.ActiveCfg = Release|Any CPU
		{4CDF9A57-01B2-482F-96E6-9322B3A87AE0}.Release|Any CPU.Build.0 = Release|Any CPU
		{0DD7AE08-FB16-432E-A2CC-A6565F7C7348}.Debug|Any CPU.ActiveCfg = Debug|Any CPU
		{0DD7AE08-FB16-432E-A2CC-A6565F7C7348}.Debug|Any CPU.Build.0 = Debug|Any CPU
		{0DD7AE08-FB16-432E-A2CC-A6565F7C7348}.Release|Any CPU.ActiveCfg = Release|Any CPU
		{0DD7AE08-FB16-432E-A2CC-A6565F7C7348}.Release|Any CPU.Build.0 = Release|Any CPU
	EndGlobalSection
	GlobalSection(SolutionProperties) = preSolution
		HideSolutionNode = FALSE
	EndGlobalSection
	GlobalSection(NestedProjects) = preSolution
		{0F2282A1-023F-4031-BD07-EDCFA8F3E3DD} = {02EA681E-C7D8-13C7-8484-4AC65E1B71E8}
		{BC1E499D-BC68-4F49-A885-976CCF293A27} = {0F2282A1-023F-4031-BD07-EDCFA8F3E3DD}
		{9ABFCB99-C816-42C7-AB3A-B85BDE0CD31E} = {02EA681E-C7D8-13C7-8484-4AC65E1B71E8}
		{6A7AD7BA-ABBA-4C33-913B-0A3CDEB71995} = {9ABFCB99-C816-42C7-AB3A-B85BDE0CD31E}
		{430ADF0F-80D1-4E1F-9DC7-3AE29E91D1E9} = {9ABFCB99-C816-42C7-AB3A-B85BDE0CD31E}
		{41BE2547-D41B-4A97-9D76-37A392D0C796} = {9ABFCB99-C816-42C7-AB3A-B85BDE0CD31E}
		{24ADDF25-8EF7-4EF1-81CF-56D2BBE94B9A} = {02EA681E-C7D8-13C7-8484-4AC65E1B71E8}
		{BDEC9075-8880-45BE-A0B9-D0208F95B18D} = {24ADDF25-8EF7-4EF1-81CF-56D2BBE94B9A}
		{EC92825F-2D82-40DA-BC66-BF567A163ECE} = {02EA681E-C7D8-13C7-8484-4AC65E1B71E8}
		{4CDF9A57-01B2-482F-96E6-9322B3A87AE0} = {EC92825F-2D82-40DA-BC66-BF567A163ECE}
		{0DD7AE08-FB16-432E-A2CC-A6565F7C7348} = {9ABFCB99-C816-42C7-AB3A-B85BDE0CD31E}
	EndGlobalSection
	GlobalSection(ExtensibilityGlobals) = postSolution
		SolutionGuid = {BC936E0C-2140-40A3-AB52-F16D6CBA7840}
	EndGlobalSection
EndGlobal
